
Microsoft Visual Studio Solution File, Format Version 12.00
# Visual Studio Version 17
VisualStudioVersion = 17.3.32929.385
MinimumVisualStudioVersion = 10.0.40219.1
Project("{FAE04EC0-301F-11D3-BF4B-00C04F79EFBC}") = "EFCoreIntro", "EFCoreIntro\EFCoreIntro.csproj", "{AF17C349-F214-429D-8B67-6CC8963352C3}"
EndProject
Global
	GlobalSection(SolutionConfigurationPlatforms) = preSolution
		Debug|Any CPU = Debug|Any CPU
		Release|Any CPU = Release|Any CPU
	EndGlobalSection
	GlobalSection(ProjectConfigurationPlatforms) = postSolution
		{AF17C349-F214-429D-8B67-6CC8963352C3}.Debug|Any CPU.ActiveCfg = Debug|Any CPU
		{AF17C349-F214-429D-8B67-6CC8963352C3}.Debug|Any CPU.Build.0 = Debug|Any CPU
		{AF17C349-F214-429D-8B67-6CC8963352C3}.Release|Any CPU.ActiveCfg = Release|Any CPU
		{AF17C349-F214-429D-8B67-6CC8963352C3}.Release|Any CPU.Build.0 = Release|Any CPU
	EndGlobalSection
	GlobalSection(SolutionProperties) = preSolution
		HideSolutionNode = FALSE
	EndGlobalSection
	GlobalSection(ExtensibilityGlobals) = postSolution
		SolutionGuid = {B3FEB5B2-394F-4276-87B0-5CB7514676E1}
	EndGlobalSection
EndGlobal
